
Microsoft Visual Studio Solution File, Format Version 12.00
# Visual Studio Version 16
VisualStudioVersion = 16.0.31005.135
MinimumVisualStudioVersion = 10.0.40219.1
Project("{FAE04EC0-301F-11D3-BF4B-00C04F79EFBC}") = "RemoteServerUtilities.Api", "RemoteServerUtilities.Api.csproj", "{EFE0705F-E10D-4CDD-B2F2-A177323F2065}"
EndProject
Global
	GlobalSection(SolutionConfigurationPlatforms) = preSolution
		Debug|Any CPU = Debug|Any CPU
		Release|Any CPU = Release|Any CPU
	EndGlobalSection
	GlobalSection(ProjectConfigurationPlatforms) = postSolution
		{EFE0705F-E10D-4CDD-B2F2-A177323F2065}.Debug|Any CPU.ActiveCfg = Debug|Any CPU
		{EFE0705F-E10D-4CDD-B2F2-A177323F2065}.Debug|Any CPU.Build.0 = Debug|Any CPU
		{EFE0705F-E10D-4CDD-B2F2-A177323F2065}.Release|Any CPU.ActiveCfg = Release|Any CPU
		{EFE0705F-E10D-4CDD-B2F2-A177323F2065}.Release|Any CPU.Build.0 = Release|Any CPU
	EndGlobalSection
	GlobalSection(SolutionProperties) = preSolution
		HideSolutionNode = FALSE
	EndGlobalSection
	GlobalSection(ExtensibilityGlobals) = postSolution
		SolutionGuid = {BA2F02B2-C403-49A9-80C0-A57952DB7B77}
	EndGlobalSection
EndGlobal
