
Microsoft Visual Studio Solution File, Format Version 12.00
# Visual Studio Version 16
VisualStudioVersion = 16.0.31205.134
MinimumVisualStudioVersion = 10.0.40219.1
Project("{9A19103F-16F7-4668-BE54-9A1E7A4F7556}") = "EventLogger.Api", "EventLogger.Api.csproj", "{04D9D7CE-8E2B-4201-A4A3-BA366C02ECAA}"
EndProject
Global
	GlobalSection(SolutionConfigurationPlatforms) = preSolution
		Development|Any CPU = Development|Any CPU
		QaCore|Any CPU = QaCore|Any CPU
		Release|Any CPU = Release|Any CPU
	EndGlobalSection
	GlobalSection(ProjectConfigurationPlatforms) = postSolution
		{04D9D7CE-8E2B-4201-A4A3-BA366C02ECAA}.Development|Any CPU.ActiveCfg = Development|Any CPU
		{04D9D7CE-8E2B-4201-A4A3-BA366C02ECAA}.Development|Any CPU.Build.0 = Development|Any CPU
		{04D9D7CE-8E2B-4201-A4A3-BA366C02ECAA}.QaCore|Any CPU.ActiveCfg = Release|Any CPU
		{04D9D7CE-8E2B-4201-A4A3-BA366C02ECAA}.QaCore|Any CPU.Build.0 = Release|Any CPU
		{04D9D7CE-8E2B-4201-A4A3-BA366C02ECAA}.Release|Any CPU.ActiveCfg = Release|Any CPU
		{04D9D7CE-8E2B-4201-A4A3-BA366C02ECAA}.Release|Any CPU.Build.0 = Release|Any CPU
	EndGlobalSection
	GlobalSection(SolutionProperties) = preSolution
		HideSolutionNode = FALSE
	EndGlobalSection
	GlobalSection(ExtensibilityGlobals) = postSolution
		SolutionGuid = {3A69BA79-CE8F-4F77-85EF-C5D4D396C4FD}
	EndGlobalSection
EndGlobal
